
Microsoft Visual Studio Solution File, Format Version 12.00
# Visual Studio Version 17
VisualStudioVersion = 17.9.34902.65
MinimumVisualStudioVersion = 10.0.40219.1
Project("{FAE04EC0-301F-11D3-BF4B-00C04F79EFBC}") = "ControlDeAccseso", "ControlDeAccseso\ControlDeAccseso.csproj", "{72E437EE-C56F-4BB8-9529-93D548469E93}"
EndProject
Global
	GlobalSection(SolutionConfigurationPlatforms) = preSolution
		Debug|Any CPU = Debug|Any CPU
		Release|Any CPU = Release|Any CPU
	EndGlobalSection
	GlobalSection(ProjectConfigurationPlatforms) = postSolution
		{72E437EE-C56F-4BB8-9529-93D548469E93}.Debug|Any CPU.ActiveCfg = Debug|Any CPU
		{72E437EE-C56F-4BB8-9529-93D548469E93}.Debug|Any CPU.Build.0 = Debug|Any CPU
		{72E437EE-C56F-4BB8-9529-93D548469E93}.Release|Any CPU.ActiveCfg = Release|Any CPU
		{72E437EE-C56F-4BB8-9529-93D548469E93}.Release|Any CPU.Build.0 = Release|Any CPU
	EndGlobalSection
	GlobalSection(SolutionProperties) = preSolution
		HideSolutionNode = FALSE
	EndGlobalSection
	GlobalSection(ExtensibilityGlobals) = postSolution
		SolutionGuid = {9AF7BF29-554D-430A-9A51-449A9BA52DDE}
	EndGlobalSection
EndGlobal
